
Microsoft Visual Studio Solution File, Format Version 12.00
# Visual Studio Version 16
VisualStudioVersion = 16.0.31321.278
MinimumVisualStudioVersion = 10.0.40219.1
Project("{FAE04EC0-301F-11D3-BF4B-00C04F79EFBC}") = "Facil", "Facil\Facil.csproj", "{5AD2213A-75F5-4CDF-93D3-562DF73EA97F}"
EndProject
Project("{FAE04EC0-301F-11D3-BF4B-00C04F79EFBC}") = "Facil_Repository", "Facil_Repository\Facil_Repository.csproj", "{34DD50BE-54AF-4BB9-8601-0062B189E183}"
EndProject
Project("{FAE04EC0-301F-11D3-BF4B-00C04F79EFBC}") = "Facil_WCF", "Facil_WCF\Facil_WCF.csproj", "{06664902-1CAE-4CA3-AD2B-538F6E19AF48}"
EndProject
Global
	GlobalSection(SolutionConfigurationPlatforms) = preSolution
		Debug|Any CPU = Debug|Any CPU
		Release|Any CPU = Release|Any CPU
	EndGlobalSection
	GlobalSection(ProjectConfigurationPlatforms) = postSolution
		{5AD2213A-75F5-4CDF-93D3-562DF73EA97F}.Debug|Any CPU.ActiveCfg = Debug|Any CPU
		{5AD2213A-75F5-4CDF-93D3-562DF73EA97F}.Debug|Any CPU.Build.0 = Debug|Any CPU
		{5AD2213A-75F5-4CDF-93D3-562DF73EA97F}.Release|Any CPU.ActiveCfg = Release|Any CPU
		{5AD2213A-75F5-4CDF-93D3-562DF73EA97F}.Release|Any CPU.Build.0 = Release|Any CPU
		{34DD50BE-54AF-4BB9-8601-0062B189E183}.Debug|Any CPU.ActiveCfg = Debug|Any CPU
		{34DD50BE-54AF-4BB9-8601-0062B189E183}.Debug|Any CPU.Build.0 = Debug|Any CPU
		{34DD50BE-54AF-4BB9-8601-0062B189E183}.Release|Any CPU.ActiveCfg = Release|Any CPU
		{34DD50BE-54AF-4BB9-8601-0062B189E183}.Release|Any CPU.Build.0 = Release|Any CPU
		{06664902-1CAE-4CA3-AD2B-538F6E19AF48}.Debug|Any CPU.ActiveCfg = Debug|Any CPU
		{06664902-1CAE-4CA3-AD2B-538F6E19AF48}.Debug|Any CPU.Build.0 = Debug|Any CPU
		{06664902-1CAE-4CA3-AD2B-538F6E19AF48}.Release|Any CPU.ActiveCfg = Release|Any CPU
		{06664902-1CAE-4CA3-AD2B-538F6E19AF48}.Release|Any CPU.Build.0 = Release|Any CPU
	EndGlobalSection
	GlobalSection(SolutionProperties) = preSolution
		HideSolutionNode = FALSE
	EndGlobalSection
	GlobalSection(ExtensibilityGlobals) = postSolution
		SolutionGuid = {2B2182D4-855B-4A3C-9B12-92BCE784C228}
	EndGlobalSection
EndGlobal
